
Microsoft Visual Studio Solution File, Format Version 12.00
# Visual Studio Version 16
VisualStudioVersion = 16.0.32106.194
MinimumVisualStudioVersion = 10.0.40219.1
Project("{FAE04EC0-301F-11D3-BF4B-00C04F79EFBC}") = "Test_max-sum", "Test_max-sum\Test_max-sum.csproj", "{1192E6BE-8EAD-4FE4-88FE-DB3E810059FF}"
EndProject
Global
	GlobalSection(SolutionConfigurationPlatforms) = preSolution
		Debug|Any CPU = Debug|Any CPU
		Release|Any CPU = Release|Any CPU
	EndGlobalSection
	GlobalSection(ProjectConfigurationPlatforms) = postSolution
		{1192E6BE-8EAD-4FE4-88FE-DB3E810059FF}.Debug|Any CPU.ActiveCfg = Debug|Any CPU
		{1192E6BE-8EAD-4FE4-88FE-DB3E810059FF}.Debug|Any CPU.Build.0 = Debug|Any CPU
		{1192E6BE-8EAD-4FE4-88FE-DB3E810059FF}.Release|Any CPU.ActiveCfg = Release|Any CPU
		{1192E6BE-8EAD-4FE4-88FE-DB3E810059FF}.Release|Any CPU.Build.0 = Release|Any CPU
	EndGlobalSection
	GlobalSection(SolutionProperties) = preSolution
		HideSolutionNode = FALSE
	EndGlobalSection
	GlobalSection(ExtensibilityGlobals) = postSolution
		SolutionGuid = {27E76E51-0A2A-41DF-BE07-FCB423E8CBEE}
	EndGlobalSection
EndGlobal
